# THIS IS AN AUTOGENERATED FILE. DO NOT EDIT THIS FILE DIRECTLY.
# yarn lockfile v1


three@^0.182.0:
  version "0.182.0"
  resolved "https://registry.yarnpkg.com/three/-/three-0.182.0.tgz#535b71b4335529d0eacdb1d30eba72bada3d0b54"
  integrity sha512-GbHabT+Irv+ihI1/f5kIIsZ+Ef9Sl5A1Y7imvS5RQjWgtTPfPnZ43JmlYI7NtCRDK9zir20lQpfg8/9Yd02OvQ==
